// !$*UTF8*$!
{
	archiveVersion = 1;
	classes = {
	};
	objectVersion = 46;
	objects = {

/* Begin PBXBuildFile section */
		B546EE521786857F00A94295 /* UIKit.framework in Frameworks */ = {isa = PBXBuildFile; fileRef = B546EE511786857F00A94295 /* UIKit.framework */; };
		B546EE541786857F00A94295 /* Foundation.framework in Frameworks */ = {isa = PBXBuildFile; fileRef = B546EE531786857F00A94295 /* Foundation.framework */; };
		B546EE561786857F00A94295 /* CoreGraphics.framework in Frameworks */ = {isa = PBXBuildFile; fileRef = B546EE551786857F00A94295 /* CoreGraphics.framework */; };
		B546EE5C1786857F00A94295 /* InfoPlist.strings in Resources */ = {isa = PBXBuildFile; fileRef = B546EE5A1786857F00A94295 /* InfoPlist.strings */; };
		B546EE5E1786857F00A94295 /* main.m in Sources */ = {isa = PBXBuildFile; fileRef = B546EE5D1786857F00A94295 /* main.m */; };
		B546EE621786857F00A94295 /* DLAppDelegate.m in Sources */ = {isa = PBXBuildFile; fileRef = B546EE611786857F00A94295 /* DLAppDelegate.m */; };
		B546EE641786857F00A94295 /* Default.png in Resources */ = {isa = PBXBuildFile; fileRef = B546EE631786857F00A94295 /* Default.png */; };
		B546EE661786857F00A94295 /* Default@2x.png in Resources */ = {isa = PBXBuildFile; fileRef = B546EE651786857F00A94295 /* Default@2x.png */; };
		B546EE681786857F00A94295 /* Default-568h@2x.png in Resources */ = {isa = PBXBuildFile; fileRef = B546EE671786857F00A94295 /* Default-568h@2x.png */; };
		B546EE701786868400A94295 /* DLTabBarController.m in Sources */ = {isa = PBXBuildFile; fileRef = B546EE6F1786868400A94295 /* DLTabBarController.m */; };
		B546EE73178686A300A94295 /* DLTabBarView.m in Sources */ = {isa = PBXBuildFile; fileRef = B546EE72178686A300A94295 /* DLTabBarView.m */; };
		B546EE8017868A0F00A94295 /* tabbutton1_pressed.png in Resources */ = {isa = PBXBuildFile; fileRef = B546EE7617868A0F00A94295 /* tabbutton1_pressed.png */; };
		B546EE8117868A0F00A94295 /* tabbutton1.png in Resources */ = {isa = PBXBuildFile; fileRef = B546EE7717868A0F00A94295 /* tabbutton1.png */; };
		B546EE8217868A0F00A94295 /* tabbutton2_pressed.png in Resources */ = {isa = PBXBuildFile; fileRef = B546EE7817868A0F00A94295 /* tabbutton2_pressed.png */; };
		B546EE8317868A0F00A94295 /* tabbutton2.png in Resources */ = {isa = PBXBuildFile; fileRef = B546EE7917868A0F00A94295 /* tabbutton2.png */; };
		B546EE8417868A0F00A94295 /* tabbutton3_pressed.png in Resources */ = {isa = PBXBuildFile; fileRef = B546EE7A17868A0F00A94295 /* tabbutton3_pressed.png */; };
		B546EE8517868A0F00A94295 /* tabbutton3.png in Resources */ = {isa = PBXBuildFile; fileRef = B546EE7B17868A0F00A94295 /* tabbutton3.png */; };
		B546EE8617868A0F00A94295 /* tabbutton4_pressed.png in Resources */ = {isa = PBXBuildFile; fileRef = B546EE7C17868A0F00A94295 /* tabbutton4_pressed.png */; };
		B546EE8717868A0F00A94295 /* tabbutton4.png in Resources */ = {isa = PBXBuildFile; fileRef = B546EE7D17868A0F00A94295 /* tabbutton4.png */; };
		B546EE8817868A0F00A94295 /* tabbutton5_pressed.png in Resources */ = {isa = PBXBuildFile; fileRef = B546EE7E17868A0F00A94295 /* tabbutton5_pressed.png */; };
		B546EE8917868A0F00A94295 /* tabbutton5.png in Resources */ = {isa = PBXBuildFile; fileRef = B546EE7F17868A0F00A94295 /* tabbutton5.png */; };
		B546EE8C17868A2700A94295 /* RootViewController.m in Sources */ = {isa = PBXBuildFile; fileRef = B546EE8B17868A2700A94295 /* RootViewController.m */; };
		B546EE9017869BB100A94295 /* FirstViewController.m in Sources */ = {isa = PBXBuildFile; fileRef = B546EE8E17869BB100A94295 /* FirstViewController.m */; };
		B546EE9117869BB100A94295 /* FirstViewController.xib in Resources */ = {isa = PBXBuildFile; fileRef = B546EE8F17869BB100A94295 /* FirstViewController.xib */; };
		B546EE9517869BBE00A94295 /* SecondViewController.m in Sources */ = {isa = PBXBuildFile; fileRef = B546EE9317869BBE00A94295 /* SecondViewController.m */; };
		B546EE9617869BBE00A94295 /* SecondViewController.xib in Resources */ = {isa = PBXBuildFile; fileRef = B546EE9417869BBE00A94295 /* SecondViewController.xib */; };
		B546EE9A17869BC700A94295 /* ThirdViewController.m in Sources */ = {isa = PBXBuildFile; fileRef = B546EE9817869BC700A94295 /* ThirdViewController.m */; };
		B546EE9B17869BC700A94295 /* ThirdViewController.xib in Resources */ = {isa = PBXBuildFile; fileRef = B546EE9917869BC700A94295 /* ThirdViewController.xib */; };
		B546EE9F17869BD000A94295 /* ForthViewController.m in Sources */ = {isa = PBXBuildFile; fileRef = B546EE9D17869BD000A94295 /* ForthViewController.m */; };
		B546EEA017869BD000A94295 /* ForthViewController.xib in Resources */ = {isa = PBXBuildFile; fileRef = B546EE9E17869BD000A94295 /* ForthViewController.xib */; };
		B546EEA417869BD600A94295 /* FifthViewController.m in Sources */ = {isa = PBXBuildFile; fileRef = B546EEA217869BD600A94295 /* FifthViewController.m */; };
		B546EEA517869BD600A94295 /* FifthViewController.xib in Resources */ = {isa = PBXBuildFile; fileRef = B546EEA317869BD600A94295 /* FifthViewController.xib */; };
/* End PBXBuildFile section */

/* Begin PBXFileReference section */
		B546EE4E1786857F00A94295 /* DLTabBarControllerDemo.app */ = {isa = PBXFileReference; explicitFileType = wrapper.application; includeInIndex = 0; path = DLTabBarControllerDemo.app; sourceTree = BUILT_PRODUCTS_DIR; };
		B546EE511786857F00A94295 /* UIKit.framework */ = {isa = PBXFileReference; lastKnownFileType = wrapper.framework; name = UIKit.framework; path = System/Library/Frameworks/UIKit.framework; sourceTree = SDKROOT; };
		B546EE531786857F00A94295 /* Foundation.framework */ = {isa = PBXFileReference; lastKnownFileType = wrapper.framework; name = Foundation.framework; path = System/Library/Frameworks/Foundation.framework; sourceTree = SDKROOT; };
		B546EE551786857F00A94295 /* CoreGraphics.framework */ = {isa = PBXFileReference; lastKnownFileType = wrapper.framework; name = CoreGraphics.framework; path = System/Library/Frameworks/CoreGraphics.framework; sourceTree = SDKROOT; };
		B546EE591786857F00A94295 /* DLTabBarControllerDemo-Info.plist */ = {isa = PBXFileReference; lastKnownFileType = text.plist.xml; path = "DLTabBarControllerDemo-Info.plist"; sourceTree = "<group>"; };
		B546EE5B1786857F00A94295 /* en */ = {isa = PBXFileReference; lastKnownFileType = text.plist.strings; name = en; path = en.lproj/InfoPlist.strings; sourceTree = "<group>"; };
		B546EE5D1786857F00A94295 /* main.m */ = {isa = PBXFileReference; lastKnownFileType = sourcecode.c.objc; path = main.m; sourceTree = "<group>"; };
		B546EE5F1786857F00A94295 /* DLTabBarControllerDemo-Prefix.pch */ = {isa = PBXFileReference; lastKnownFileType = sourcecode.c.h; path = "DLTabBarControllerDemo-Prefix.pch"; sourceTree = "<group>"; };
		B546EE601786857F00A94295 /* DLAppDelegate.h */ = {isa = PBXFileReference; lastKnownFileType = sourcecode.c.h; path = DLAppDelegate.h; sourceTree = "<group>"; };
		B546EE611786857F00A94295 /* DLAppDelegate.m */ = {isa = PBXFileReference; lastKnownFileType = sourcecode.c.objc; path = DLAppDelegate.m; sourceTree = "<group>"; };
		B546EE631786857F00A94295 /* Default.png */ = {isa = PBXFileReference; lastKnownFileType = image.png; path = Default.png; sourceTree = "<group>"; };
		B546EE651786857F00A94295 /* Default@2x.png */ = {isa = PBXFileReference; lastKnownFileType = image.png; path = "Default@2x.png"; sourceTree = "<group>"; };
		B546EE671786857F00A94295 /* Default-568h@2x.png */ = {isa = PBXFileReference; lastKnownFileType = image.png; path = "Default-568h@2x.png"; sourceTree = "<group>"; };
		B546EE6E1786868400A94295 /* DLTabBarController.h */ = {isa = PBXFileReference; fileEncoding = 4; lastKnownFileType = sourcecode.c.h; path = DLTabBarController.h; sourceTree = "<group>"; };
		B546EE6F1786868400A94295 /* DLTabBarController.m */ = {isa = PBXFileReference; fileEncoding = 4; lastKnownFileType = sourcecode.c.objc; path = DLTabBarController.m; sourceTree = "<group>"; };
		B546EE71178686A300A94295 /* DLTabBarView.h */ = {isa = PBXFileReference; fileEncoding = 4; lastKnownFileType = sourcecode.c.h; path = DLTabBarView.h; sourceTree = "<group>"; };
		B546EE72178686A300A94295 /* DLTabBarView.m */ = {isa = PBXFileReference; fileEncoding = 4; lastKnownFileType = sourcecode.c.objc; path = DLTabBarView.m; sourceTree = "<group>"; };
		B546EE7617868A0F00A94295 /* tabbutton1_pressed.png */ = {isa = PBXFileReference; lastKnownFileType = image.png; name = tabbutton1_pressed.png; path = image/tabbutton1_pressed.png; sourceTree = "<group>"; };
		B546EE7717868A0F00A94295 /* tabbutton1.png */ = {isa = PBXFileReference; lastKnownFileType = image.png; name = tabbutton1.png; path = image/tabbutton1.png; sourceTree = "<group>"; };
		B546EE7817868A0F00A94295 /* tabbutton2_pressed.png */ = {isa = PBXFileReference; lastKnownFileType = image.png; name = tabbutton2_pressed.png; path = image/tabbutton2_pressed.png; sourceTree = "<group>"; };
		B546EE7917868A0F00A94295 /* tabbutton2.png */ = {isa = PBXFileReference; lastKnownFileType = image.png; name = tabbutton2.png; path = image/tabbutton2.png; sourceTree = "<group>"; };
		B546EE7A17868A0F00A94295 /* tabbutton3_pressed.png */ = {isa = PBXFileReference; lastKnownFileType = image.png; name = tabbutton3_pressed.png; path = image/tabbutton3_pressed.png; sourceTree = "<group>"; };
		B546EE7B17868A0F00A94295 /* tabbutton3.png */ = {isa = PBXFileReference; lastKnownFileType = image.png; name = tabbutton3.png; path = image/tabbutton3.png; sourceTree = "<group>"; };
		B546EE7C17868A0F00A94295 /* tabbutton4_pressed.png */ = {isa = PBXFileReference; lastKnownFileType = image.png; name = tabbutton4_pressed.png; path = image/tabbutton4_pressed.png; sourceTree = "<group>"; };
		B546EE7D17868A0F00A94295 /* tabbutton4.png */ = {isa = PBXFileReference; lastKnownFileType = image.png; name = tabbutton4.png; path = image/tabbutton4.png; sourceTree = "<group>"; };
		B546EE7E17868A0F00A94295 /* tabbutton5_pressed.png */ = {isa = PBXFileReference; lastKnownFileType = image.png; name = tabbutton5_pressed.png; path = image/tabbutton5_pressed.png; sourceTree = "<group>"; };
		B546EE7F17868A0F00A94295 /* tabbutton5.png */ = {isa = PBXFileReference; lastKnownFileType = image.png; name = tabbutton5.png; path = image/tabbutton5.png; sourceTree = "<group>"; };
		B546EE8A17868A2700A94295 /* RootViewController.h */ = {isa = PBXFileReference; fileEncoding = 4; lastKnownFileType = sourcecode.c.h; path = RootViewController.h; sourceTree = "<group>"; };
		B546EE8B17868A2700A94295 /* RootViewController.m */ = {isa = PBXFileReference; fileEncoding = 4; lastKnownFileType = sourcecode.c.objc; path = RootViewController.m; sourceTree = "<group>"; };
		B546EE8D17869BB100A94295 /* FirstViewController.h */ = {isa = PBXFileReference; fileEncoding = 4; lastKnownFileType = sourcecode.c.h; path = FirstViewController.h; sourceTree = "<group>"; };
		B546EE8E17869BB100A94295 /* FirstViewController.m */ = {isa = PBXFileReference; fileEncoding = 4; lastKnownFileType = sourcecode.c.objc; path = FirstViewController.m; sourceTree = "<group>"; };
		B546EE8F17869BB100A94295 /* FirstViewController.xib */ = {isa = PBXFileReference; fileEncoding = 4; lastKnownFileType = file.xib; path = FirstViewController.xib; sourceTree = "<group>"; };
		B546EE9217869BBE00A94295 /* SecondViewController.h */ = {isa = PBXFileReference; fileEncoding = 4; lastKnownFileType = sourcecode.c.h; path = SecondViewController.h; sourceTree = "<group>"; };
		B546EE9317869BBE00A94295 /* SecondViewController.m */ = {isa = PBXFileReference; fileEncoding = 4; lastKnownFileType = sourcecode.c.objc; path = SecondViewController.m; sourceTree = "<group>"; };
		B546EE9417869BBE00A94295 /* SecondViewController.xib */ = {isa = PBXFileReference; fileEncoding = 4; lastKnownFileType = file.xib; path = SecondViewController.xib; sourceTree = "<group>"; };
		B546EE9717869BC700A94295 /* ThirdViewController.h */ = {isa = PBXFileReference; fileEncoding = 4; lastKnownFileType = sourcecode.c.h; path = ThirdViewController.h; sourceTree = "<group>"; };
		B546EE9817869BC700A94295 /* ThirdViewController.m */ = {isa = PBXFileReference; fileEncoding = 4; lastKnownFileType = sourcecode.c.objc; path = ThirdViewController.m; sourceTree = "<group>"; };
		B546EE9917869BC700A94295 /* ThirdViewController.xib */ = {isa = PBXFileReference; fileEncoding = 4; lastKnownFileType = file.xib; path = ThirdViewController.xib; sourceTree = "<group>"; };
		B546EE9C17869BD000A94295 /* ForthViewController.h */ = {isa = PBXFileReference; fileEncoding = 4; lastKnownFileType = sourcecode.c.h; path = ForthViewController.h; sourceTree = "<group>"; };
		B546EE9D17869BD000A94295 /* ForthViewController.m */ = {isa = PBXFileReference; fileEncoding = 4; lastKnownFileType = sourcecode.c.objc; path = ForthViewController.m; sourceTree = "<group>"; };
		B546EE9E17869BD000A94295 /* ForthViewController.xib */ = {isa = PBXFileReference; fileEncoding = 4; lastKnownFileType = file.xib; path = ForthViewController.xib; sourceTree = "<group>"; };
		B546EEA117869BD600A94295 /* FifthViewController.h */ = {isa = PBXFileReference; fileEncoding = 4; lastKnownFileType = sourcecode.c.h; path = FifthViewController.h; sourceTree = "<group>"; };
		B546EEA217869BD600A94295 /* FifthViewController.m */ = {isa = PBXFileReference; fileEncoding = 4; lastKnownFileType = sourcecode.c.objc; path = FifthViewController.m; sourceTree = "<group>"; };
		B546EEA317869BD600A94295 /* FifthViewController.xib */ = {isa = PBXFileReference; fileEncoding = 4; lastKnownFileType = file.xib; path = FifthViewController.xib; sourceTree = "<group>"; };
		B546EEA61786A21700A94295 /* define.h */ = {isa = PBXFileReference; lastKnownFileType = sourcecode.c.h; path = define.h; sourceTree = "<group>"; };
/* End PBXFileReference section */

/* Begin PBXFrameworksBuildPhase section */
		B546EE4B1786857E00A94295 /* Frameworks */ = {
			isa = PBXFrameworksBuildPhase;
			buildActionMask = 2147483647;
			files = (
				B546EE521786857F00A94295 /* UIKit.framework in Frameworks */,
				B546EE541786857F00A94295 /* Foundation.framework in Frameworks */,
				B546EE561786857F00A94295 /* CoreGraphics.framework in Frameworks */,
			);
			runOnlyForDeploymentPostprocessing = 0;
		};
/* End PBXFrameworksBuildPhase section */

/* Begin PBXGroup section */
		B546EE451786857E00A94295 = {
			isa = PBXGroup;
			children = (
				B546EE75178689FB00A94295 /* DLTabBarController */,
				B546EE74178689F600A94295 /* image */,
				B546EE571786857F00A94295 /* DLTabBarControllerDemo */,
				B546EE501786857F00A94295 /* Frameworks */,
				B546EE4F1786857F00A94295 /* Products */,
			);
			sourceTree = "<group>";
		};
		B546EE4F1786857F00A94295 /* Products */ = {
			isa = PBXGroup;
			children = (
				B546EE4E1786857F00A94295 /* DLTabBarControllerDemo.app */,
			);
			name = Products;
			sourceTree = "<group>";
		};
		B546EE501786857F00A94295 /* Frameworks */ = {
			isa = PBXGroup;
			children = (
				B546EE511786857F00A94295 /* UIKit.framework */,
				B546EE531786857F00A94295 /* Foundation.framework */,
				B546EE551786857F00A94295 /* CoreGraphics.framework */,
			);
			name = Frameworks;
			sourceTree = "<group>";
		};
		B546EE571786857F00A94295 /* DLTabBarControllerDemo */ = {
			isa = PBXGroup;
			children = (
				B546EE601786857F00A94295 /* DLAppDelegate.h */,
				B546EE611786857F00A94295 /* DLAppDelegate.m */,
				B546EE8A17868A2700A94295 /* RootViewController.h */,
				B546EE8B17868A2700A94295 /* RootViewController.m */,
				B546EE8D17869BB100A94295 /* FirstViewController.h */,
				B546EE8E17869BB100A94295 /* FirstViewController.m */,
				B546EE8F17869BB100A94295 /* FirstViewController.xib */,
				B546EE9217869BBE00A94295 /* SecondViewController.h */,
				B546EE9317869BBE00A94295 /* SecondViewController.m */,
				B546EE9417869BBE00A94295 /* SecondViewController.xib */,
				B546EE9717869BC700A94295 /* ThirdViewController.h */,
				B546EE9817869BC700A94295 /* ThirdViewController.m */,
				B546EE9917869BC700A94295 /* ThirdViewController.xib */,
				B546EEA117869BD600A94295 /* FifthViewController.h */,
				B546EEA217869BD600A94295 /* FifthViewController.m */,
				B546EEA317869BD600A94295 /* FifthViewController.xib */,
				B546EE9C17869BD000A94295 /* ForthViewController.h */,
				B546EE9D17869BD000A94295 /* ForthViewController.m */,
				B546EE9E17869BD000A94295 /* ForthViewController.xib */,
				B546EE581786857F00A94295 /* Supporting Files */,
			);
			path = DLTabBarControllerDemo;
			sourceTree = "<group>";
		};
		B546EE581786857F00A94295 /* Supporting Files */ = {
			isa = PBXGroup;
			children = (
				B546EE591786857F00A94295 /* DLTabBarControllerDemo-Info.plist */,
				B546EE5A1786857F00A94295 /* InfoPlist.strings */,
				B546EE5D1786857F00A94295 /* main.m */,
				B546EE5F1786857F00A94295 /* DLTabBarControllerDemo-Prefix.pch */,
				B546EE631786857F00A94295 /* Default.png */,
				B546EE651786857F00A94295 /* Default@2x.png */,
				B546EE671786857F00A94295 /* Default-568h@2x.png */,
			);
			name = "Supporting Files";
			sourceTree = "<group>";
		};
		B546EE74178689F600A94295 /* image */ = {
			isa = PBXGroup;
			children = (
				B546EE7617868A0F00A94295 /* tabbutton1_pressed.png */,
				B546EE7717868A0F00A94295 /* tabbutton1.png */,
				B546EE7817868A0F00A94295 /* tabbutton2_pressed.png */,
				B546EE7917868A0F00A94295 /* tabbutton2.png */,
				B546EE7A17868A0F00A94295 /* tabbutton3_pressed.png */,
				B546EE7B17868A0F00A94295 /* tabbutton3.png */,
				B546EE7C17868A0F00A94295 /* tabbutton4_pressed.png */,
				B546EE7D17868A0F00A94295 /* tabbutton4.png */,
				B546EE7E17868A0F00A94295 /* tabbutton5_pressed.png */,
				B546EE7F17868A0F00A94295 /* tabbutton5.png */,
			);
			name = image;
			sourceTree = "<group>";
		};
		B546EE75178689FB00A94295 /* DLTabBarController */ = {
			isa = PBXGroup;
			children = (
				B546EEA61786A21700A94295 /* define.h */,
				B546EE71178686A300A94295 /* DLTabBarView.h */,
				B546EE72178686A300A94295 /* DLTabBarView.m */,
				B546EE6E1786868400A94295 /* DLTabBarController.h */,
				B546EE6F1786868400A94295 /* DLTabBarController.m */,
			);
			name = DLTabBarController;
			sourceTree = "<group>";
		};
/* End PBXGroup section */

/* Begin PBXNativeTarget section */
		B546EE4D1786857E00A94295 /* DLTabBarControllerDemo */ = {
			isa = PBXNativeTarget;
			buildConfigurationList = B546EE6B1786857F00A94295 /* Build configuration list for PBXNativeTarget "DLTabBarControllerDemo" */;
			buildPhases = (
				B546EE4A1786857E00A94295 /* Sources */,
				B546EE4B1786857E00A94295 /* Frameworks */,
				B546EE4C1786857E00A94295 /* Resources */,
			);
			buildRules = (
			);
			dependencies = (
			);
			name = DLTabBarControllerDemo;
			productName = DLTabBarControllerDemo;
			productReference = B546EE4E1786857F00A94295 /* DLTabBarControllerDemo.app */;
			productType = "com.apple.product-type.application";
		};
/* End PBXNativeTarget section */

/* Begin PBXProject section */
		B546EE461786857E00A94295 /* Project object */ = {
			isa = PBXProject;
			attributes = {
				CLASSPREFIX = DL;
				LastUpgradeCheck = 0460;
				ORGANIZATIONNAME = zht;
			};
			buildConfigurationList = B546EE491786857E00A94295 /* Build configuration list for PBXProject "DLTabBarControllerDemo" */;
			compatibilityVersion = "Xcode 3.2";
			developmentRegion = English;
			hasScannedForEncodings = 0;
			knownRegions = (
				en,
			);
			mainGroup = B546EE451786857E00A94295;
			productRefGroup = B546EE4F1786857F00A94295 /* Products */;
			projectDirPath = "";
			projectRoot = "";
			targets = (
				B546EE4D1786857E00A94295 /* DLTabBarControllerDemo */,
			);
		};
/* End PBXProject section */

/* Begin PBXResourcesBuildPhase section */
		B546EE4C1786857E00A94295 /* Resources */ = {
			isa = PBXResourcesBuildPhase;
			buildActionMask = 2147483647;
			files = (
				B546EE5C1786857F00A94295 /* InfoPlist.strings in Resources */,
				B546EE641786857F00A94295 /* Default.png in Resources */,
				B546EE661786857F00A94295 /* Default@2x.png in Resources */,
				B546EE681786857F00A94295 /* Default-568h@2x.png in Resources */,
				B546EE8017868A0F00A94295 /* tabbutton1_pressed.png in Resources */,
				B546EE8117868A0F00A94295 /* tabbutton1.png in Resources */,
				B546EE8217868A0F00A94295 /* tabbutton2_pressed.png in Resources */,
				B546EE8317868A0F00A94295 /* tabbutton2.png in Resources */,
				B546EE8417868A0F00A94295 /* tabbutton3_pressed.png in Resources */,
				B546EE8517868A0F00A94295 /* tabbutton3.png in Resources */,
				B546EE8617868A0F00A94295 /* tabbutton4_pressed.png in Resources */,
				B546EE8717868A0F00A94295 /* tabbutton4.png in Resources */,
				B546EE8817868A0F00A94295 /* tabbutton5_pressed.png in Resources */,
				B546EE8917868A0F00A94295 /* tabbutton5.png in Resources */,
				B546EE9117869BB100A94295 /* FirstViewController.xib in Resources */,
				B546EE9617869BBE00A94295 /* SecondViewController.xib in Resources */,
				B546EE9B17869BC700A94295 /* ThirdViewController.xib in Resources */,
				B546EEA017869BD000A94295 /* ForthViewController.xib in Resources */,
				B546EEA517869BD600A94295 /* FifthViewController.xib in Resources */,
			);
			runOnlyForDeploymentPostprocessing = 0;
		};
/* End PBXResourcesBuildPhase section */

/* Begin PBXSourcesBuildPhase section */
		B546EE4A1786857E00A94295 /* Sources */ = {
			isa = PBXSourcesBuildPhase;
			buildActionMask = 2147483647;
			files = (
				B546EE5E1786857F00A94295 /* main.m in Sources */,
				B546EE621786857F00A94295 /* DLAppDelegate.m in Sources */,
				B546EE701786868400A94295 /* DLTabBarController.m in Sources */,
				B546EE73178686A300A94295 /* DLTabBarView.m in Sources */,
				B546EE8C17868A2700A94295 /* RootViewController.m in Sources */,
				B546EE9017869BB100A94295 /* FirstViewController.m in Sources */,
				B546EE9517869BBE00A94295 /* SecondViewController.m in Sources */,
				B546EE9A17869BC700A94295 /* ThirdViewController.m in Sources */,
				B546EE9F17869BD000A94295 /* ForthViewController.m in Sources */,
				B546EEA417869BD600A94295 /* FifthViewController.m in Sources */,
			);
			runOnlyForDeploymentPostprocessing = 0;
		};
/* End PBXSourcesBuildPhase section */

/* Begin PBXVariantGroup section */
		B546EE5A1786857F00A94295 /* InfoPlist.strings */ = {
			isa = PBXVariantGroup;
			children = (
				B546EE5B1786857F00A94295 /* en */,
			);
			name = InfoPlist.strings;
			sourceTree = "<group>";
		};
/* End PBXVariantGroup section */

/* Begin XCBuildConfiguration section */
		B546EE691786857F00A94295 /* Debug */ = {
			isa = XCBuildConfiguration;
			buildSettings = {
				ALWAYS_SEARCH_USER_PATHS = NO;
				CLANG_CXX_LANGUAGE_STANDARD = "gnu++0x";
				CLANG_CXX_LIBRARY = "libc++";
				CLANG_WARN_CONSTANT_CONVERSION = YES;
				CLANG_WARN_EMPTY_BODY = YES;
				CLANG_WARN_ENUM_CONVERSION = YES;
				CLANG_WARN_INT_CONVERSION = YES;
				CLANG_WARN__DUPLICATE_METHOD_MATCH = YES;
				"CODE_SIGN_IDENTITY[sdk=iphoneos*]" = "iPhone Developer";
				COPY_PHASE_STRIP = NO;
				GCC_C_LANGUAGE_STANDARD = gnu99;
				GCC_DYNAMIC_NO_PIC = NO;
				GCC_OPTIMIZATION_LEVEL = 0;
				GCC_PREPROCESSOR_DEFINITIONS = (
					"DEBUG=1",
					"$(inherited)",
				);
				GCC_SYMBOLS_PRIVATE_EXTERN = NO;
				GCC_WARN_ABOUT_RETURN_TYPE = YES;
				GCC_WARN_UNINITIALIZED_AUTOS = YES;
				GCC_WARN_UNUSED_VARIABLE = YES;
				IPHONEOS_DEPLOYMENT_TARGET = 6.1;
				ONLY_ACTIVE_ARCH = YES;
				SDKROOT = iphoneos;
			};
			name = Debug;
		};
		B546EE6A1786857F00A94295 /* Release */ = {
			isa = XCBuildConfiguration;
			buildSettings = {
				ALWAYS_SEARCH_USER_PATHS = NO;
				CLANG_CXX_LANGUAGE_STANDARD = "gnu++0x";
				CLANG_CXX_LIBRARY = "libc++";
				CLANG_WARN_CONSTANT_CONVERSION = YES;
				CLANG_WARN_EMPTY_BODY = YES;
				CLANG_WARN_ENUM_CONVERSION = YES;
				CLANG_WARN_INT_CONVERSION = YES;
				CLANG_WARN__DUPLICATE_METHOD_MATCH = YES;
				"CODE_SIGN_IDENTITY[sdk=iphoneos*]" = "iPhone Developer";
				COPY_PHASE_STRIP = YES;
				GCC_C_LANGUAGE_STANDARD = gnu99;
				GCC_WARN_ABOUT_RETURN_TYPE = YES;
				GCC_WARN_UNINITIALIZED_AUTOS = YES;
				GCC_WARN_UNUSED_VARIABLE = YES;
				IPHONEOS_DEPLOYMENT_TARGET = 6.1;
				OTHER_CFLAGS = "-DNS_BLOCK_ASSERTIONS=1";
				SDKROOT = iphoneos;
				VALIDATE_PRODUCT = YES;
			};
			name = Release;
		};
		B546EE6C1786857F00A94295 /* Debug */ = {
			isa = XCBuildConfiguration;
			buildSettings = {
				GCC_PRECOMPILE_PREFIX_HEADER = YES;
				GCC_PREFIX_HEADER = "DLTabBarControllerDemo/DLTabBarControllerDemo-Prefix.pch";
				INFOPLIST_FILE = "DLTabBarControllerDemo/DLTabBarControllerDemo-Info.plist";
				PRODUCT_NAME = "$(TARGET_NAME)";
				WRAPPER_EXTENSION = app;
			};
			name = Debug;
		};
		B546EE6D1786857F00A94295 /* Release */ = {
			isa = XCBuildConfiguration;
			buildSettings = {
				GCC_PRECOMPILE_PREFIX_HEADER = YES;
				GCC_PREFIX_HEADER = "DLTabBarControllerDemo/DLTabBarControllerDemo-Prefix.pch";
				INFOPLIST_FILE = "DLTabBarControllerDemo/DLTabBarControllerDemo-Info.plist";
				PRODUCT_NAME = "$(TARGET_NAME)";
				WRAPPER_EXTENSION = app;
			};
			name = Release;
		};
/* End XCBuildConfiguration section */

/* Begin XCConfigurationList section */
		B546EE491786857E00A94295 /* Build configuration list for PBXProject "DLTabBarControllerDemo" */ = {
			isa = XCConfigurationList;
			buildConfigurations = (
				B546EE691786857F00A94295 /* Debug */,
				B546EE6A1786857F00A94295 /* Release */,
			);
			defaultConfigurationIsVisible = 0;
			defaultConfigurationName = Release;
		};
		B546EE6B1786857F00A94295 /* Build configuration list for PBXNativeTarget "DLTabBarControllerDemo" */ = {
			isa = XCConfigurationList;
			buildConfigurations = (
				B546EE6C1786857F00A94295 /* Debug */,
				B546EE6D1786857F00A94295 /* Release */,
			);
			defaultConfigurationIsVisible = 0;
		};
/* End XCConfigurationList section */
	};
	rootObject = B546EE461786857E00A94295 /* Project object */;
}
